
Microsoft Visual Studio Solution File, Format Version 12.00
# Visual Studio Version 17
VisualStudioVersion = 17.14.37111.16
MinimumVisualStudioVersion = 10.0.40219.1
Project("{FAE04EC0-301F-11D3-BF4B-00C04F79EFBC}") = "Desktop", "Desktop\Desktop.csproj", "{C05F782F-DA76-4C70-B2B7-0EA4C2552D20}"
EndProject
Project("{2150E333-8FDC-42A3-9474-1A3956D46DE8}") = "Elementos de la solución", "Elementos de la solución", "{D107F4C8-89CC-BEA8-D3D7-CA6B7733353D}"
	ProjectSection(SolutionItems) = preProject
		copilot-instructions.md = copilot-instructions.md
	EndProjectSection
EndProject
Project("{FAE04EC0-301F-11D3-BF4B-00C04F79EFBC}") = "WebApp", "WebApp\WebApp\WebApp.csproj", "{59B074F0-1876-4402-9FED-130BE96A417C}"
EndProject
Project("{FAE04EC0-301F-11D3-BF4B-00C04F79EFBC}") = "WebApp.Client", "WebApp\WebApp.Client\WebApp.Client.csproj", "{4B2F6445-74F8-4DF6-8A24-7472392F114E}"
EndProject
Project("{FAE04EC0-301F-11D3-BF4B-00C04F79EFBC}") = "AppMovil", "AppMovil\AppMovil.csproj", "{6D02E92A-11BB-41EA-A3C0-0096DA4C87C4}"
EndProject
Global
	GlobalSection(SolutionConfigurationPlatforms) = preSolution
		Debug|Any CPU = Debug|Any CPU
		Release|Any CPU = Release|Any CPU
	EndGlobalSection
	GlobalSection(ProjectConfigurationPlatforms) = postSolution
		{C05F782F-DA76-4C70-B2B7-0EA4C2552D20}.Debug|Any CPU.ActiveCfg = Debug|Any CPU
		{C05F782F-DA76-4C70-B2B7-0EA4C2552D20}.Debug|Any CPU.Build.0 = Debug|Any CPU
		{C05F782F-DA76-4C70-B2B7-0EA4C2552D20}.Release|Any CPU.ActiveCfg = Release|Any CPU
		{C05F782F-DA76-4C70-B2B7-0EA4C2552D20}.Release|Any CPU.Build.0 = Release|Any CPU
		{59B074F0-1876-4402-9FED-130BE96A417C}.Debug|Any CPU.ActiveCfg = Debug|Any CPU
		{59B074F0-1876-4402-9FED-130BE96A417C}.Debug|Any CPU.Build.0 = Debug|Any CPU
		{59B074F0-1876-4402-9FED-130BE96A417C}.Release|Any CPU.ActiveCfg = Release|Any CPU
		{59B074F0-1876-4402-9FED-130BE96A417C}.Release|Any CPU.Build.0 = Release|Any CPU
		{4B2F6445-74F8-4DF6-8A24-7472392F114E}.Debug|Any CPU.ActiveCfg = Debug|Any CPU
		{4B2F6445-74F8-4DF6-8A24-7472392F114E}.Debug|Any CPU.Build.0 = Debug|Any CPU
		{4B2F6445-74F8-4DF6-8A24-7472392F114E}.Release|Any CPU.ActiveCfg = Release|Any CPU
		{4B2F6445-74F8-4DF6-8A24-7472392F114E}.Release|Any CPU.Build.0 = Release|Any CPU
		{6D02E92A-11BB-41EA-A3C0-0096DA4C87C4}.Debug|Any CPU.ActiveCfg = Debug|Any CPU
		{6D02E92A-11BB-41EA-A3C0-0096DA4C87C4}.Debug|Any CPU.Build.0 = Debug|Any CPU
		{6D02E92A-11BB-41EA-A3C0-0096DA4C87C4}.Debug|Any CPU.Deploy.0 = Debug|Any CPU
		{6D02E92A-11BB-41EA-A3C0-0096DA4C87C4}.Release|Any CPU.ActiveCfg = Release|Any CPU
		{6D02E92A-11BB-41EA-A3C0-0096DA4C87C4}.Release|Any CPU.Build.0 = Release|Any CPU
		{6D02E92A-11BB-41EA-A3C0-0096DA4C87C4}.Release|Any CPU.Deploy.0 = Release|Any CPU
	EndGlobalSection
	GlobalSection(SolutionProperties) = preSolution
		HideSolutionNode = FALSE
	EndGlobalSection
	GlobalSection(ExtensibilityGlobals) = postSolution
		SolutionGuid = {E06CE9D9-DBDE-4C96-82B8-25ED2DAD2B7C}
	EndGlobalSection
EndGlobal
